
Microsoft Visual Studio Solution File, Format Version 12.00
# Visual Studio 15
VisualStudioVersion = 15.0.27703.2042
MinimumVisualStudioVersion = 10.0.40219.1
Project("{FAE04EC0-301F-11D3-BF4B-00C04F79EFBC}") = "LegendsOfCodeAndMagic", "src\LegendsOfCodeAndMagic.csproj", "{56E0A3F9-3612-4DC2-A9CE-8F9E310F5F70}"
EndProject
Global
	GlobalSection(SolutionConfigurationPlatforms) = preSolution
		Debug|Any CPU = Debug|Any CPU
		Release|Any CPU = Release|Any CPU
	EndGlobalSection
	GlobalSection(ProjectConfigurationPlatforms) = postSolution
		{56E0A3F9-3612-4DC2-A9CE-8F9E310F5F70}.Debug|Any CPU.ActiveCfg = Debug|Any CPU
		{56E0A3F9-3612-4DC2-A9CE-8F9E310F5F70}.Debug|Any CPU.Build.0 = Debug|Any CPU
		{56E0A3F9-3612-4DC2-A9CE-8F9E310F5F70}.Release|Any CPU.ActiveCfg = Release|Any CPU
		{56E0A3F9-3612-4DC2-A9CE-8F9E310F5F70}.Release|Any CPU.Build.0 = Release|Any CPU
	EndGlobalSection
	GlobalSection(SolutionProperties) = preSolution
		HideSolutionNode = FALSE
	EndGlobalSection
	GlobalSection(ExtensibilityGlobals) = postSolution
		SolutionGuid = {2054B6FA-B272-4339-AAD8-D30D05931C2D}
	EndGlobalSection
EndGlobal
